
Microsoft Visual Studio Solution File, Format Version 12.00
# Visual Studio Version 16
VisualStudioVersion = 16.0.31229.75
MinimumVisualStudioVersion = 10.0.40219.1
Project("{8BC9CEB8-8B4A-11D0-8D11-00A0C91BC942}") = "framework", "framework\framework.vcxproj", "{DAAFB4DA-7AD4-42CD-AA85-F61B4B9C560D}"
EndProject
Global
	GlobalSection(SolutionConfigurationPlatforms) = preSolution
		Debug|x64 = Debug|x64
		Debug|x86 = Debug|x86
		Release|x64 = Release|x64
		Release|x86 = Release|x86
	EndGlobalSection
	GlobalSection(ProjectConfigurationPlatforms) = postSolution
		{DAAFB4DA-7AD4-42CD-AA85-F61B4B9C560D}.Debug|x64.ActiveCfg = Debug|x64
		{DAAFB4DA-7AD4-42CD-AA85-F61B4B9C560D}.Debug|x64.Build.0 = Debug|x64
		{DAAFB4DA-7AD4-42CD-AA85-F61B4B9C560D}.Debug|x86.ActiveCfg = Debug|Win32
		{DAAFB4DA-7AD4-42CD-AA85-F61B4B9C560D}.Debug|x86.Build.0 = Debug|Win32
		{DAAFB4DA-7AD4-42CD-AA85-F61B4B9C560D}.Release|x64.ActiveCfg = Release|x64
		{DAAFB4DA-7AD4-42CD-AA85-F61B4B9C560D}.Release|x64.Build.0 = Release|x64
		{DAAFB4DA-7AD4-42CD-AA85-F61B4B9C560D}.Release|x86.ActiveCfg = Release|Win32
		{DAAFB4DA-7AD4-42CD-AA85-F61B4B9C560D}.Release|x86.Build.0 = Release|Win32
	EndGlobalSection
	GlobalSection(SolutionProperties) = preSolution
		HideSolutionNode = FALSE
	EndGlobalSection
	GlobalSection(ExtensibilityGlobals) = postSolution
		SolutionGuid = {CA5B1FB9-D313-47DE-9903-75BE3DEE67E2}
	EndGlobalSection
EndGlobal
